// !$*UTF8*$!
{
	archiveVersion = 1;
	classes = {
	};
	objectVersion = 55;
	objects = {

/* Begin PBXBuildFile section */
		AC1FD551273E6B4E00A3A4AB /* LaunchScreen.storyboard in Resources */ = {isa = PBXBuildFile; fileRef = AC1FD550273E6B4E00A3A4AB /* LaunchScreen.storyboard */; };
		AC1FD553273E6CF400A3A4AB /* AppStore.swift in Sources */ = {isa = PBXBuildFile; fileRef = AC1FD552273E6CF400A3A4AB /* AppStore.swift */; };
		AC1FD555273E6DB500A3A4AB /* UserStore.swift in Sources */ = {isa = PBXBuildFile; fileRef = AC1FD554273E6DB500A3A4AB /* UserStore.swift */; };
		AC1FD558273E6E4000A3A4AB /* AuthService.swift in Sources */ = {isa = PBXBuildFile; fileRef = AC1FD557273E6E4000A3A4AB /* AuthService.swift */; };
		AC1FD55A273E6EF500A3A4AB /* Constants.swift in Sources */ = {isa = PBXBuildFile; fileRef = AC1FD559273E6EF500A3A4AB /* Constants.swift */; };
		AC1FD55E273E6F9000A3A4AB /* Constants.ErrorCodes.swift in Sources */ = {isa = PBXBuildFile; fileRef = AC1FD55D273E6F9000A3A4AB /* Constants.ErrorCodes.swift */; };
		AC1FD562273E709700A3A4AB /* Email.swift in Sources */ = {isa = PBXBuildFile; fileRef = AC1FD561273E709700A3A4AB /* Email.swift */; };
		AC1FD564273E70EB00A3A4AB /* Users.swift in Sources */ = {isa = PBXBuildFile; fileRef = AC1FD563273E70EB00A3A4AB /* Users.swift */; };
		AC1FD566273E721800A3A4AB /* Welcome.swift in Sources */ = {isa = PBXBuildFile; fileRef = AC1FD565273E721800A3A4AB /* Welcome.swift */; };
		AC1FD569273E725700A3A4AB /* CustomButton.swift in Sources */ = {isa = PBXBuildFile; fileRef = AC1FD568273E725700A3A4AB /* CustomButton.swift */; };
		AC1FD56C273E729400A3A4AB /* Tabs.swift in Sources */ = {isa = PBXBuildFile; fileRef = AC1FD56B273E729400A3A4AB /* Tabs.swift */; };
		AC1FD56E273E738500A3A4AB /* Localizable.strings in Resources */ = {isa = PBXBuildFile; fileRef = AC1FD56D273E738500A3A4AB /* Localizable.strings */; };
		AC1FD570273E743A00A3A4AB /* Utilities.swift in Sources */ = {isa = PBXBuildFile; fileRef = AC1FD56F273E743A00A3A4AB /* Utilities.swift */; };
		AC1FD572273E756000A3A4AB /* Todos.swift in Sources */ = {isa = PBXBuildFile; fileRef = AC1FD571273E756000A3A4AB /* Todos.swift */; };
		AC218FFB273FCE57003FD5C5 /* Utils.swift in Sources */ = {isa = PBXBuildFile; fileRef = AC218FFA273FCE57003FD5C5 /* Utils.swift */; };
		AC64E5CC273E7B20002920FE /* SceneDelegate.swift in Sources */ = {isa = PBXBuildFile; fileRef = AC64E5CB273E7B20002920FE /* SceneDelegate.swift */; };
		AC64E5CE273E7B37002920FE /* AppDelegate.swift in Sources */ = {isa = PBXBuildFile; fileRef = AC64E5CD273E7B37002920FE /* AppDelegate.swift */; };
		AC9DDDB7273E650800828162 /* SerengetiApp.swift in Sources */ = {isa = PBXBuildFile; fileRef = AC9DDDB6273E650800828162 /* SerengetiApp.swift */; };
		AC9DDDB9273E650800828162 /* ContentView.swift in Sources */ = {isa = PBXBuildFile; fileRef = AC9DDDB8273E650800828162 /* ContentView.swift */; };
		AC9DDDBB273E650A00828162 /* Assets.xcassets in Resources */ = {isa = PBXBuildFile; fileRef = AC9DDDBA273E650A00828162 /* Assets.xcassets */; };
		AC9DDDBE273E650A00828162 /* Preview Assets.xcassets in Resources */ = {isa = PBXBuildFile; fileRef = AC9DDDBD273E650A00828162 /* Preview Assets.xcassets */; };
		AC9DDDC0273E650A00828162 /* Persistence.swift in Sources */ = {isa = PBXBuildFile; fileRef = AC9DDDBF273E650A00828162 /* Persistence.swift */; };
		AC9DDDC3273E650A00828162 /* Serengeti.xcdatamodeld in Sources */ = {isa = PBXBuildFile; fileRef = AC9DDDC1273E650A00828162 /* Serengeti.xcdatamodeld */; };
		AC9DDDCD273E650B00828162 /* SerengetiTests.swift in Sources */ = {isa = PBXBuildFile; fileRef = AC9DDDCC273E650B00828162 /* SerengetiTests.swift */; };
		AC9DDDD7273E650B00828162 /* SerengetiUITests.swift in Sources */ = {isa = PBXBuildFile; fileRef = AC9DDDD6273E650B00828162 /* SerengetiUITests.swift */; };
		AC9DDDD9273E650B00828162 /* SerengetiUITestsLaunchTests.swift in Sources */ = {isa = PBXBuildFile; fileRef = AC9DDDD8273E650B00828162 /* SerengetiUITestsLaunchTests.swift */; };
/* End PBXBuildFile section */

/* Begin PBXContainerItemProxy section */
		AC9DDDC9273E650B00828162 /* PBXContainerItemProxy */ = {
			isa = PBXContainerItemProxy;
			containerPortal = AC9DDDAB273E650800828162 /* Project object */;
			proxyType = 1;
			remoteGlobalIDString = AC9DDDB2273E650800828162;
			remoteInfo = Serengeti;
		};
		AC9DDDD3273E650B00828162 /* PBXContainerItemProxy */ = {
			isa = PBXContainerItemProxy;
			containerPortal = AC9DDDAB273E650800828162 /* Project object */;
			proxyType = 1;
			remoteGlobalIDString = AC9DDDB2273E650800828162;
			remoteInfo = Serengeti;
		};
/* End PBXContainerItemProxy section */

/* Begin PBXFileReference section */
		AC1FD550273E6B4E00A3A4AB /* LaunchScreen.storyboard */ = {isa = PBXFileReference; lastKnownFileType = file.storyboard; path = LaunchScreen.storyboard; sourceTree = "<group>"; };
		AC1FD552273E6CF400A3A4AB /* AppStore.swift */ = {isa = PBXFileReference; lastKnownFileType = sourcecode.swift; path = AppStore.swift; sourceTree = "<group>"; };
		AC1FD554273E6DB500A3A4AB /* UserStore.swift */ = {isa = PBXFileReference; lastKnownFileType = sourcecode.swift; path = UserStore.swift; sourceTree = "<group>"; };
		AC1FD557273E6E4000A3A4AB /* AuthService.swift */ = {isa = PBXFileReference; lastKnownFileType = sourcecode.swift; path = AuthService.swift; sourceTree = "<group>"; };
		AC1FD559273E6EF500A3A4AB /* Constants.swift */ = {isa = PBXFileReference; lastKnownFileType = sourcecode.swift; path = Constants.swift; sourceTree = "<group>"; };
		AC1FD55D273E6F9000A3A4AB /* Constants.ErrorCodes.swift */ = {isa = PBXFileReference; lastKnownFileType = sourcecode.swift; path = Constants.ErrorCodes.swift; sourceTree = "<group>"; };
		AC1FD561273E709700A3A4AB /* Email.swift */ = {isa = PBXFileReference; lastKnownFileType = sourcecode.swift; path = Email.swift; sourceTree = "<group>"; };
		AC1FD563273E70EB00A3A4AB /* Users.swift */ = {isa = PBXFileReference; lastKnownFileType = sourcecode.swift; path = Users.swift; sourceTree = "<group>"; };
		AC1FD565273E721800A3A4AB /* Welcome.swift */ = {isa = PBXFileReference; lastKnownFileType = sourcecode.swift; path = Welcome.swift; sourceTree = "<group>"; };
		AC1FD568273E725700A3A4AB /* CustomButton.swift */ = {isa = PBXFileReference; lastKnownFileType = sourcecode.swift; path = CustomButton.swift; sourceTree = "<group>"; };
		AC1FD56B273E729400A3A4AB /* Tabs.swift */ = {isa = PBXFileReference; lastKnownFileType = sourcecode.swift; path = Tabs.swift; sourceTree = "<group>"; };
		AC1FD56D273E738500A3A4AB /* Localizable.strings */ = {isa = PBXFileReference; lastKnownFileType = text.plist.strings; path = Localizable.strings; sourceTree = "<group>"; };
		AC1FD56F273E743A00A3A4AB /* Utilities.swift */ = {isa = PBXFileReference; lastKnownFileType = sourcecode.swift; path = Utilities.swift; sourceTree = "<group>"; };
		AC1FD571273E756000A3A4AB /* Todos.swift */ = {isa = PBXFileReference; lastKnownFileType = sourcecode.swift; path = Todos.swift; sourceTree = "<group>"; };
		AC218FFA273FCE57003FD5C5 /* Utils.swift */ = {isa = PBXFileReference; lastKnownFileType = sourcecode.swift; path = Utils.swift; sourceTree = "<group>"; };
		AC64E5CB273E7B20002920FE /* SceneDelegate.swift */ = {isa = PBXFileReference; lastKnownFileType = sourcecode.swift; path = SceneDelegate.swift; sourceTree = "<group>"; };
		AC64E5CD273E7B37002920FE /* AppDelegate.swift */ = {isa = PBXFileReference; lastKnownFileType = sourcecode.swift; path = AppDelegate.swift; sourceTree = "<group>"; };
		AC9DDDB3273E650800828162 /* Serengeti.app */ = {isa = PBXFileReference; explicitFileType = wrapper.application; includeInIndex = 0; path = Serengeti.app; sourceTree = BUILT_PRODUCTS_DIR; };
		AC9DDDB6273E650800828162 /* SerengetiApp.swift */ = {isa = PBXFileReference; lastKnownFileType = sourcecode.swift; path = SerengetiApp.swift; sourceTree = "<group>"; };
		AC9DDDB8273E650800828162 /* ContentView.swift */ = {isa = PBXFileReference; lastKnownFileType = sourcecode.swift; path = ContentView.swift; sourceTree = "<group>"; };
		AC9DDDBA273E650A00828162 /* Assets.xcassets */ = {isa = PBXFileReference; lastKnownFileType = folder.assetcatalog; path = Assets.xcassets; sourceTree = "<group>"; };
		AC9DDDBD273E650A00828162 /* Preview Assets.xcassets */ = {isa = PBXFileReference; lastKnownFileType = folder.assetcatalog; path = "Preview Assets.xcassets"; sourceTree = "<group>"; };
		AC9DDDBF273E650A00828162 /* Persistence.swift */ = {isa = PBXFileReference; lastKnownFileType = sourcecode.swift; path = Persistence.swift; sourceTree = "<group>"; };
		AC9DDDC2273E650A00828162 /* Serengeti.xcdatamodel */ = {isa = PBXFileReference; lastKnownFileType = wrapper.xcdatamodel; path = Serengeti.xcdatamodel; sourceTree = "<group>"; };
		AC9DDDC8273E650B00828162 /* SerengetiTests.xctest */ = {isa = PBXFileReference; explicitFileType = wrapper.cfbundle; includeInIndex = 0; path = SerengetiTests.xctest; sourceTree = BUILT_PRODUCTS_DIR; };
		AC9DDDCC273E650B00828162 /* SerengetiTests.swift */ = {isa = PBXFileReference; lastKnownFileType = sourcecode.swift; path = SerengetiTests.swift; sourceTree = "<group>"; };
		AC9DDDD2273E650B00828162 /* SerengetiUITests.xctest */ = {isa = PBXFileReference; explicitFileType = wrapper.cfbundle; includeInIndex = 0; path = SerengetiUITests.xctest; sourceTree = BUILT_PRODUCTS_DIR; };
		AC9DDDD6273E650B00828162 /* SerengetiUITests.swift */ = {isa = PBXFileReference; lastKnownFileType = sourcecode.swift; path = SerengetiUITests.swift; sourceTree = "<group>"; };
		AC9DDDD8273E650B00828162 /* SerengetiUITestsLaunchTests.swift */ = {isa = PBXFileReference; lastKnownFileType = sourcecode.swift; path = SerengetiUITestsLaunchTests.swift; sourceTree = "<group>"; };
/* End PBXFileReference section */

/* Begin PBXFrameworksBuildPhase section */
		AC9DDDB0273E650800828162 /* Frameworks */ = {
			isa = PBXFrameworksBuildPhase;
			buildActionMask = 2147483647;
			files = (
			);
			runOnlyForDeploymentPostprocessing = 0;
		};
		AC9DDDC5273E650B00828162 /* Frameworks */ = {
			isa = PBXFrameworksBuildPhase;
			buildActionMask = 2147483647;
			files = (
			);
			runOnlyForDeploymentPostprocessing = 0;
		};
		AC9DDDCF273E650B00828162 /* Frameworks */ = {
			isa = PBXFrameworksBuildPhase;
			buildActionMask = 2147483647;
			files = (
			);
			runOnlyForDeploymentPostprocessing = 0;
		};
/* End PBXFrameworksBuildPhase section */

/* Begin PBXGroup section */
		AC1FD546273E676B00A3A4AB /* Assets */ = {
			isa = PBXGroup;
			children = (
				AC9DDDBA273E650A00828162 /* Assets.xcassets */,
			);
			path = Assets;
			sourceTree = "<group>";
		};
		AC1FD547273E677900A3A4AB /* Localizable */ = {
			isa = PBXGroup;
			children = (
				AC1FD56D273E738500A3A4AB /* Localizable.strings */,
			);
			path = Localizable;
			sourceTree = "<group>";
		};
		AC1FD548273E678A00A3A4AB /* Stores */ = {
			isa = PBXGroup;
			children = (
				AC1FD552273E6CF400A3A4AB /* AppStore.swift */,
				AC1FD554273E6DB500A3A4AB /* UserStore.swift */,
			);
			path = Stores;
			sourceTree = "<group>";
		};
		AC1FD549273E679C00A3A4AB /* Views */ = {
			isa = PBXGroup;
			children = (
				AC1FD56A273E726800A3A4AB /* Navigation */,
				AC1FD560273E701F00A3A4AB /* Screens */,
				AC1FD55F273E700100A3A4AB /* Components */,
			);
			path = Views;
			sourceTree = "<group>";
		};
		AC1FD54A273E67AE00A3A4AB /* Constants */ = {
			isa = PBXGroup;
			children = (
				AC1FD559273E6EF500A3A4AB /* Constants.swift */,
				AC1FD55D273E6F9000A3A4AB /* Constants.ErrorCodes.swift */,
			);
			path = Constants;
			sourceTree = "<group>";
		};
		AC1FD54B273E67BC00A3A4AB /* Models */ = {
			isa = PBXGroup;
			children = (
				AC1FD563273E70EB00A3A4AB /* Users.swift */,
			);
			path = Models;
			sourceTree = "<group>";
		};
		AC1FD54C273E67DE00A3A4AB /* Resources */ = {
			isa = PBXGroup;
			children = (
				AC1FD571273E756000A3A4AB /* Todos.swift */,
			);
			path = Resources;
			sourceTree = "<group>";
		};
		AC1FD54D273E683700A3A4AB /* Tools */ = {
			isa = PBXGroup;
			children = (
				AC1FD56F273E743A00A3A4AB /* Utilities.swift */,
			);
			path = Tools;
			sourceTree = "<group>";
		};
		AC1FD54E273E687E00A3A4AB /* Controllers */ = {
			isa = PBXGroup;
			children = (
				AC1FD561273E709700A3A4AB /* Email.swift */,
			);
			path = Controllers;
			sourceTree = "<group>";
		};
		AC1FD54F273E68F700A3A4AB /* Storyboard */ = {
			isa = PBXGroup;
			children = (
				AC1FD550273E6B4E00A3A4AB /* LaunchScreen.storyboard */,
			);
			path = Storyboard;
			sourceTree = "<group>";
		};
		AC1FD556273E6E0500A3A4AB /* Api */ = {
			isa = PBXGroup;
			children = (
				AC1FD557273E6E4000A3A4AB /* AuthService.swift */,
			);
			path = Api;
			sourceTree = "<group>";
		};
		AC1FD55F273E700100A3A4AB /* Components */ = {
			isa = PBXGroup;
			children = (
				AC1FD567273E723E00A3A4AB /* Buttons */,
			);
			path = Components;
			sourceTree = "<group>";
		};
		AC1FD560273E701F00A3A4AB /* Screens */ = {
			isa = PBXGroup;
			children = (
				AC1FD565273E721800A3A4AB /* Welcome.swift */,
			);
			path = Screens;
			sourceTree = "<group>";
		};
		AC1FD567273E723E00A3A4AB /* Buttons */ = {
			isa = PBXGroup;
			children = (
				AC1FD568273E725700A3A4AB /* CustomButton.swift */,
			);
			path = Buttons;
			sourceTree = "<group>";
		};
		AC1FD56A273E726800A3A4AB /* Navigation */ = {
			isa = PBXGroup;
			children = (
				AC1FD56B273E729400A3A4AB /* Tabs.swift */,
			);
			path = Navigation;
			sourceTree = "<group>";
		};
		AC218FF9273FCE45003FD5C5 /* Extensions */ = {
			isa = PBXGroup;
			children = (
				AC218FFA273FCE57003FD5C5 /* Utils.swift */,
			);
			path = Extensions;
			sourceTree = "<group>";
		};
		AC9DDDAA273E650800828162 = {
			isa = PBXGroup;
			children = (
				AC9DDDB5273E650800828162 /* Serengeti */,
				AC9DDDCB273E650B00828162 /* SerengetiTests */,
				AC9DDDD5273E650B00828162 /* SerengetiUITests */,
				AC9DDDB4273E650800828162 /* Products */,
			);
			sourceTree = "<group>";
		};
		AC9DDDB4273E650800828162 /* Products */ = {
			isa = PBXGroup;
			children = (
				AC9DDDB3273E650800828162 /* Serengeti.app */,
				AC9DDDC8273E650B00828162 /* SerengetiTests.xctest */,
				AC9DDDD2273E650B00828162 /* SerengetiUITests.xctest */,
			);
			name = Products;
			sourceTree = "<group>";
		};
		AC9DDDB5273E650800828162 /* Serengeti */ = {
			isa = PBXGroup;
			children = (
				AC1FD556273E6E0500A3A4AB /* Api */,
				AC1FD546273E676B00A3A4AB /* Assets */,
				AC1FD54A273E67AE00A3A4AB /* Constants */,
				AC1FD54E273E687E00A3A4AB /* Controllers */,
				AC218FF9273FCE45003FD5C5 /* Extensions */,
				AC1FD547273E677900A3A4AB /* Localizable */,
				AC1FD54B273E67BC00A3A4AB /* Models */,
				AC1FD54C273E67DE00A3A4AB /* Resources */,
				AC1FD548273E678A00A3A4AB /* Stores */,
				AC1FD54F273E68F700A3A4AB /* Storyboard */,
				AC1FD54D273E683700A3A4AB /* Tools */,
				AC1FD549273E679C00A3A4AB /* Views */,
				AC9DDDB6273E650800828162 /* SerengetiApp.swift */,
				AC9DDDB8273E650800828162 /* ContentView.swift */,
				AC64E5CB273E7B20002920FE /* SceneDelegate.swift */,
				AC64E5CD273E7B37002920FE /* AppDelegate.swift */,
				AC9DDDBF273E650A00828162 /* Persistence.swift */,
				AC9DDDC1273E650A00828162 /* Serengeti.xcdatamodeld */,
				AC9DDDBC273E650A00828162 /* Preview Content */,
			);
			path = Serengeti;
			sourceTree = "<group>";
		};
		AC9DDDBC273E650A00828162 /* Preview Content */ = {
			isa = PBXGroup;
			children = (
				AC9DDDBD273E650A00828162 /* Preview Assets.xcassets */,
			);
			path = "Preview Content";
			sourceTree = "<group>";
		};
		AC9DDDCB273E650B00828162 /* SerengetiTests */ = {
			isa = PBXGroup;
			children = (
				AC9DDDCC273E650B00828162 /* SerengetiTests.swift */,
			);
			path = SerengetiTests;
			sourceTree = "<group>";
		};
		AC9DDDD5273E650B00828162 /* SerengetiUITests */ = {
			isa = PBXGroup;
			children = (
				AC9DDDD6273E650B00828162 /* SerengetiUITests.swift */,
				AC9DDDD8273E650B00828162 /* SerengetiUITestsLaunchTests.swift */,
			);
			path = SerengetiUITests;
			sourceTree = "<group>";
		};
/* End PBXGroup section */

/* Begin PBXNativeTarget section */
		AC9DDDB2273E650800828162 /* Serengeti */ = {
			isa = PBXNativeTarget;
			buildConfigurationList = AC9DDDDC273E650B00828162 /* Build configuration list for PBXNativeTarget "Serengeti" */;
			buildPhases = (
				AC9DDDAF273E650800828162 /* Sources */,
				AC9DDDB0273E650800828162 /* Frameworks */,
				AC9DDDB1273E650800828162 /* Resources */,
			);
			buildRules = (
			);
			dependencies = (
			);
			name = Serengeti;
			productName = Serengeti;
			productReference = AC9DDDB3273E650800828162 /* Serengeti.app */;
			productType = "com.apple.product-type.application";
		};
		AC9DDDC7273E650B00828162 /* SerengetiTests */ = {
			isa = PBXNativeTarget;
			buildConfigurationList = AC9DDDDF273E650B00828162 /* Build configuration list for PBXNativeTarget "SerengetiTests" */;
			buildPhases = (
				AC9DDDC4273E650B00828162 /* Sources */,
				AC9DDDC5273E650B00828162 /* Frameworks */,
				AC9DDDC6273E650B00828162 /* Resources */,
			);
			buildRules = (
			);
			dependencies = (
				AC9DDDCA273E650B00828162 /* PBXTargetDependency */,
			);
			name = SerengetiTests;
			productName = SerengetiTests;
			productReference = AC9DDDC8273E650B00828162 /* SerengetiTests.xctest */;
			productType = "com.apple.product-type.bundle.unit-test";
		};
		AC9DDDD1273E650B00828162 /* SerengetiUITests */ = {
			isa = PBXNativeTarget;
			buildConfigurationList = AC9DDDE2273E650B00828162 /* Build configuration list for PBXNativeTarget "SerengetiUITests" */;
			buildPhases = (
				AC9DDDCE273E650B00828162 /* Sources */,
				AC9DDDCF273E650B00828162 /* Frameworks */,
				AC9DDDD0273E650B00828162 /* Resources */,
			);
			buildRules = (
			);
			dependencies = (
				AC9DDDD4273E650B00828162 /* PBXTargetDependency */,
			);
			name = SerengetiUITests;
			productName = SerengetiUITests;
			productReference = AC9DDDD2273E650B00828162 /* SerengetiUITests.xctest */;
			productType = "com.apple.product-type.bundle.ui-testing";
		};
/* End PBXNativeTarget section */

/* Begin PBXProject section */
		AC9DDDAB273E650800828162 /* Project object */ = {
			isa = PBXProject;
			attributes = {
				BuildIndependentTargetsInParallel = 1;
				LastSwiftUpdateCheck = 1300;
				LastUpgradeCheck = 1300;
				TargetAttributes = {
					AC9DDDB2273E650800828162 = {
						CreatedOnToolsVersion = 13.0;
					};
					AC9DDDC7273E650B00828162 = {
						CreatedOnToolsVersion = 13.0;
						TestTargetID = AC9DDDB2273E650800828162;
					};
					AC9DDDD1273E650B00828162 = {
						CreatedOnToolsVersion = 13.0;
						TestTargetID = AC9DDDB2273E650800828162;
					};
				};
			};
			buildConfigurationList = AC9DDDAE273E650800828162 /* Build configuration list for PBXProject "Serengeti" */;
			compatibilityVersion = "Xcode 13.0";
			developmentRegion = en;
			hasScannedForEncodings = 0;
			knownRegions = (
				en,
				Base,
			);
			mainGroup = AC9DDDAA273E650800828162;
			productRefGroup = AC9DDDB4273E650800828162 /* Products */;
			projectDirPath = "";
			projectRoot = "";
			targets = (
				AC9DDDB2273E650800828162 /* Serengeti */,
				AC9DDDC7273E650B00828162 /* SerengetiTests */,
				AC9DDDD1273E650B00828162 /* SerengetiUITests */,
			);
		};
/* End PBXProject section */

/* Begin PBXResourcesBuildPhase section */
		AC9DDDB1273E650800828162 /* Resources */ = {
			isa = PBXResourcesBuildPhase;
			buildActionMask = 2147483647;
			files = (
				AC1FD551273E6B4E00A3A4AB /* LaunchScreen.storyboard in Resources */,
				AC1FD56E273E738500A3A4AB /* Localizable.strings in Resources */,
				AC9DDDBE273E650A00828162 /* Preview Assets.xcassets in Resources */,
				AC9DDDBB273E650A00828162 /* Assets.xcassets in Resources */,
			);
			runOnlyForDeploymentPostprocessing = 0;
		};
		AC9DDDC6273E650B00828162 /* Resources */ = {
			isa = PBXResourcesBuildPhase;
			buildActionMask = 2147483647;
			files = (
			);
			runOnlyForDeploymentPostprocessing = 0;
		};
		AC9DDDD0273E650B00828162 /* Resources */ = {
			isa = PBXResourcesBuildPhase;
			buildActionMask = 2147483647;
			files = (
			);
			runOnlyForDeploymentPostprocessing = 0;
		};
/* End PBXResourcesBuildPhase section */

/* Begin PBXSourcesBuildPhase section */
		AC9DDDAF273E650800828162 /* Sources */ = {
			isa = PBXSourcesBuildPhase;
			buildActionMask = 2147483647;
			files = (
				AC1FD569273E725700A3A4AB /* CustomButton.swift in Sources */,
				AC1FD555273E6DB500A3A4AB /* UserStore.swift in Sources */,
				AC9DDDC3273E650A00828162 /* Serengeti.xcdatamodeld in Sources */,
				AC1FD570273E743A00A3A4AB /* Utilities.swift in Sources */,
				AC1FD553273E6CF400A3A4AB /* AppStore.swift in Sources */,
				AC1FD55E273E6F9000A3A4AB /* Constants.ErrorCodes.swift in Sources */,
				AC1FD566273E721800A3A4AB /* Welcome.swift in Sources */,
				AC64E5CC273E7B20002920FE /* SceneDelegate.swift in Sources */,
				AC9DDDC0273E650A00828162 /* Persistence.swift in Sources */,
				AC1FD56C273E729400A3A4AB /* Tabs.swift in Sources */,
				AC9DDDB9273E650800828162 /* ContentView.swift in Sources */,
				AC1FD562273E709700A3A4AB /* Email.swift in Sources */,
				AC64E5CE273E7B37002920FE /* AppDelegate.swift in Sources */,
				AC9DDDB7273E650800828162 /* SerengetiApp.swift in Sources */,
				AC1FD558273E6E4000A3A4AB /* AuthService.swift in Sources */,
				AC1FD55A273E6EF500A3A4AB /* Constants.swift in Sources */,
				AC1FD564273E70EB00A3A4AB /* Users.swift in Sources */,
				AC218FFB273FCE57003FD5C5 /* Utils.swift in Sources */,
				AC1FD572273E756000A3A4AB /* Todos.swift in Sources */,
			);
			runOnlyForDeploymentPostprocessing = 0;
		};
		AC9DDDC4273E650B00828162 /* Sources */ = {
			isa = PBXSourcesBuildPhase;
			buildActionMask = 2147483647;
			files = (
				AC9DDDCD273E650B00828162 /* SerengetiTests.swift in Sources */,
			);
			runOnlyForDeploymentPostprocessing = 0;
		};
		AC9DDDCE273E650B00828162 /* Sources */ = {
			isa = PBXSourcesBuildPhase;
			buildActionMask = 2147483647;
			files = (
				AC9DDDD7273E650B00828162 /* SerengetiUITests.swift in Sources */,
				AC9DDDD9273E650B00828162 /* SerengetiUITestsLaunchTests.swift in Sources */,
			);
			runOnlyForDeploymentPostprocessing = 0;
		};
/* End PBXSourcesBuildPhase section */

/* Begin PBXTargetDependency section */
		AC9DDDCA273E650B00828162 /* PBXTargetDependency */ = {
			isa = PBXTargetDependency;
			target = AC9DDDB2273E650800828162 /* Serengeti */;
			targetProxy = AC9DDDC9273E650B00828162 /* PBXContainerItemProxy */;
		};
		AC9DDDD4273E650B00828162 /* PBXTargetDependency */ = {
			isa = PBXTargetDependency;
			target = AC9DDDB2273E650800828162 /* Serengeti */;
			targetProxy = AC9DDDD3273E650B00828162 /* PBXContainerItemProxy */;
		};
/* End PBXTargetDependency section */

/* Begin XCBuildConfiguration section */
		AC9DDDDA273E650B00828162 /* Debug */ = {
			isa = XCBuildConfiguration;
			buildSettings = {
				ALWAYS_SEARCH_USER_PATHS = NO;
				CLANG_ANALYZER_NONNULL = YES;
				CLANG_ANALYZER_NUMBER_OBJECT_CONVERSION = YES_AGGRESSIVE;
				CLANG_CXX_LANGUAGE_STANDARD = "gnu++17";
				CLANG_CXX_LIBRARY = "libc++";
				CLANG_ENABLE_MODULES = YES;
				CLANG_ENABLE_OBJC_ARC = YES;
				CLANG_ENABLE_OBJC_WEAK = YES;
				CLANG_WARN_BLOCK_CAPTURE_AUTORELEASING = YES;
				CLANG_WARN_BOOL_CONVERSION = YES;
				CLANG_WARN_COMMA = YES;
				CLANG_WARN_CONSTANT_CONVERSION = YES;
				CLANG_WARN_DEPRECATED_OBJC_IMPLEMENTATIONS = YES;
				CLANG_WARN_DIRECT_OBJC_ISA_USAGE = YES_ERROR;
				CLANG_WARN_DOCUMENTATION_COMMENTS = YES;
				CLANG_WARN_EMPTY_BODY = YES;
				CLANG_WARN_ENUM_CONVERSION = YES;
				CLANG_WARN_INFINITE_RECURSION = YES;
				CLANG_WARN_INT_CONVERSION = YES;
				CLANG_WARN_NON_LITERAL_NULL_CONVERSION = YES;
				CLANG_WARN_OBJC_IMPLICIT_RETAIN_SELF = YES;
				CLANG_WARN_OBJC_LITERAL_CONVERSION = YES;
				CLANG_WARN_OBJC_ROOT_CLASS = YES_ERROR;
				CLANG_WARN_QUOTED_INCLUDE_IN_FRAMEWORK_HEADER = YES;
				CLANG_WARN_RANGE_LOOP_ANALYSIS = YES;
				CLANG_WARN_STRICT_PROTOTYPES = YES;
				CLANG_WARN_SUSPICIOUS_MOVE = YES;
				CLANG_WARN_UNGUARDED_AVAILABILITY = YES_AGGRESSIVE;
				CLANG_WARN_UNREACHABLE_CODE = YES;
				CLANG_WARN__DUPLICATE_METHOD_MATCH = YES;
				COPY_PHASE_STRIP = NO;
				DEBUG_INFORMATION_FORMAT = dwarf;
				ENABLE_STRICT_OBJC_MSGSEND = YES;
				ENABLE_TESTABILITY = YES;
				GCC_C_LANGUAGE_STANDARD = gnu11;
				GCC_DYNAMIC_NO_PIC = NO;
				GCC_NO_COMMON_BLOCKS = YES;
				GCC_OPTIMIZATION_LEVEL = 0;
				GCC_PREPROCESSOR_DEFINITIONS = (
					"DEBUG=1",
					"$(inherited)",
				);
				GCC_WARN_64_TO_32_BIT_CONVERSION = YES;
				GCC_WARN_ABOUT_RETURN_TYPE = YES_ERROR;
				GCC_WARN_UNDECLARED_SELECTOR = YES;
				GCC_WARN_UNINITIALIZED_AUTOS = YES_AGGRESSIVE;
				GCC_WARN_UNUSED_FUNCTION = YES;
				GCC_WARN_UNUSED_VARIABLE = YES;
				IPHONEOS_DEPLOYMENT_TARGET = 15.0;
				MTL_ENABLE_DEBUG_INFO = INCLUDE_SOURCE;
				MTL_FAST_MATH = YES;
				ONLY_ACTIVE_ARCH = YES;
				SDKROOT = iphoneos;
				SWIFT_ACTIVE_COMPILATION_CONDITIONS = DEBUG;
				SWIFT_OPTIMIZATION_LEVEL = "-Onone";
			};
			name = Debug;
		};
		AC9DDDDB273E650B00828162 /* Release */ = {
			isa = XCBuildConfiguration;
			buildSettings = {
				ALWAYS_SEARCH_USER_PATHS = NO;
				CLANG_ANALYZER_NONNULL = YES;
				CLANG_ANALYZER_NUMBER_OBJECT_CONVERSION = YES_AGGRESSIVE;
				CLANG_CXX_LANGUAGE_STANDARD = "gnu++17";
				CLANG_CXX_LIBRARY = "libc++";
				CLANG_ENABLE_MODULES = YES;
				CLANG_ENABLE_OBJC_ARC = YES;
				CLANG_ENABLE_OBJC_WEAK = YES;
				CLANG_WARN_BLOCK_CAPTURE_AUTORELEASING = YES;
				CLANG_WARN_BOOL_CONVERSION = YES;
				CLANG_WARN_COMMA = YES;
				CLANG_WARN_CONSTANT_CONVERSION = YES;
				CLANG_WARN_DEPRECATED_OBJC_IMPLEMENTATIONS = YES;
				CLANG_WARN_DIRECT_OBJC_ISA_USAGE = YES_ERROR;
				CLANG_WARN_DOCUMENTATION_COMMENTS = YES;
				CLANG_WARN_EMPTY_BODY = YES;
				CLANG_WARN_ENUM_CONVERSION = YES;
				CLANG_WARN_INFINITE_RECURSION = YES;
				CLANG_WARN_INT_CONVERSION = YES;
				CLANG_WARN_NON_LITERAL_NULL_CONVERSION = YES;
				CLANG_WARN_OBJC_IMPLICIT_RETAIN_SELF = YES;
				CLANG_WARN_OBJC_LITERAL_CONVERSION = YES;
				CLANG_WARN_OBJC_ROOT_CLASS = YES_ERROR;
				CLANG_WARN_QUOTED_INCLUDE_IN_FRAMEWORK_HEADER = YES;
				CLANG_WARN_RANGE_LOOP_ANALYSIS = YES;
				CLANG_WARN_STRICT_PROTOTYPES = YES;
				CLANG_WARN_SUSPICIOUS_MOVE = YES;
				CLANG_WARN_UNGUARDED_AVAILABILITY = YES_AGGRESSIVE;
				CLANG_WARN_UNREACHABLE_CODE = YES;
				CLANG_WARN__DUPLICATE_METHOD_MATCH = YES;
				COPY_PHASE_STRIP = NO;
				DEBUG_INFORMATION_FORMAT = "dwarf-with-dsym";
				ENABLE_NS_ASSERTIONS = NO;
				ENABLE_STRICT_OBJC_MSGSEND = YES;
				GCC_C_LANGUAGE_STANDARD = gnu11;
				GCC_NO_COMMON_BLOCKS = YES;
				GCC_WARN_64_TO_32_BIT_CONVERSION = YES;
				GCC_WARN_ABOUT_RETURN_TYPE = YES_ERROR;
				GCC_WARN_UNDECLARED_SELECTOR = YES;
				GCC_WARN_UNINITIALIZED_AUTOS = YES_AGGRESSIVE;
				GCC_WARN_UNUSED_FUNCTION = YES;
				GCC_WARN_UNUSED_VARIABLE = YES;
				IPHONEOS_DEPLOYMENT_TARGET = 15.0;
				MTL_ENABLE_DEBUG_INFO = NO;
				MTL_FAST_MATH = YES;
				SDKROOT = iphoneos;
				SWIFT_COMPILATION_MODE = wholemodule;
				SWIFT_OPTIMIZATION_LEVEL = "-O";
				VALIDATE_PRODUCT = YES;
			};
			name = Release;
		};
		AC9DDDDD273E650B00828162 /* Debug */ = {
			isa = XCBuildConfiguration;
			buildSettings = {
				ASSETCATALOG_COMPILER_APPICON_NAME = AppIcon;
				ASSETCATALOG_COMPILER_GLOBAL_ACCENT_COLOR_NAME = AccentColor;
				CODE_SIGN_STYLE = Automatic;
				CURRENT_PROJECT_VERSION = 1;
				DEVELOPMENT_ASSET_PATHS = "\"Serengeti/Preview Content\"";
				ENABLE_PREVIEWS = YES;
				GENERATE_INFOPLIST_FILE = YES;
				INFOPLIST_KEY_UIApplicationSceneManifest_Generation = YES;
				INFOPLIST_KEY_UIApplicationSupportsIndirectInputEvents = YES;
				INFOPLIST_KEY_UILaunchScreen_Generation = YES;
				INFOPLIST_KEY_UISupportedInterfaceOrientations_iPad = "UIInterfaceOrientationPortrait UIInterfaceOrientationPortraitUpsideDown UIInterfaceOrientationLandscapeLeft UIInterfaceOrientationLandscapeRight";
				INFOPLIST_KEY_UISupportedInterfaceOrientations_iPhone = "UIInterfaceOrientationPortrait UIInterfaceOrientationLandscapeLeft UIInterfaceOrientationLandscapeRight";
				IPHONEOS_DEPLOYMENT_TARGET = 14.0;
				LD_RUNPATH_SEARCH_PATHS = (
					"$(inherited)",
					"@executable_path/Frameworks",
				);
				MARKETING_VERSION = 1.0;
				PRODUCT_BUNDLE_IDENTIFIER = Serengeti.Serengeti;
				PRODUCT_NAME = "$(TARGET_NAME)";
				SWIFT_EMIT_LOC_STRINGS = YES;
				SWIFT_VERSION = 5.0;
				TARGETED_DEVICE_FAMILY = "1,2";
			};
			name = Debug;
		};
		AC9DDDDE273E650B00828162 /* Release */ = {
			isa = XCBuildConfiguration;
			buildSettings = {
				ASSETCATALOG_COMPILER_APPICON_NAME = AppIcon;
				ASSETCATALOG_COMPILER_GLOBAL_ACCENT_COLOR_NAME = AccentColor;
				CODE_SIGN_STYLE = Automatic;
				CURRENT_PROJECT_VERSION = 1;
				DEVELOPMENT_ASSET_PATHS = "\"Serengeti/Preview Content\"";
				ENABLE_PREVIEWS = YES;
				GENERATE_INFOPLIST_FILE = YES;
				INFOPLIST_KEY_UIApplicationSceneManifest_Generation = YES;
				INFOPLIST_KEY_UIApplicationSupportsIndirectInputEvents = YES;
				INFOPLIST_KEY_UILaunchScreen_Generation = YES;
				INFOPLIST_KEY_UISupportedInterfaceOrientations_iPad = "UIInterfaceOrientationPortrait UIInterfaceOrientationPortraitUpsideDown UIInterfaceOrientationLandscapeLeft UIInterfaceOrientationLandscapeRight";
				INFOPLIST_KEY_UISupportedInterfaceOrientations_iPhone = "UIInterfaceOrientationPortrait UIInterfaceOrientationLandscapeLeft UIInterfaceOrientationLandscapeRight";
				IPHONEOS_DEPLOYMENT_TARGET = 14.0;
				LD_RUNPATH_SEARCH_PATHS = (
					"$(inherited)",
					"@executable_path/Frameworks",
				);
				MARKETING_VERSION = 1.0;
				PRODUCT_BUNDLE_IDENTIFIER = Serengeti.Serengeti;
				PRODUCT_NAME = "$(TARGET_NAME)";
				SWIFT_EMIT_LOC_STRINGS = YES;
				SWIFT_VERSION = 5.0;
				TARGETED_DEVICE_FAMILY = "1,2";
			};
			name = Release;
		};
		AC9DDDE0273E650B00828162 /* Debug */ = {
			isa = XCBuildConfiguration;
			buildSettings = {
				ALWAYS_EMBED_SWIFT_STANDARD_LIBRARIES = YES;
				BUNDLE_LOADER = "$(TEST_HOST)";
				CODE_SIGN_STYLE = Automatic;
				CURRENT_PROJECT_VERSION = 1;
				GENERATE_INFOPLIST_FILE = YES;
				IPHONEOS_DEPLOYMENT_TARGET = 14.0;
				LD_RUNPATH_SEARCH_PATHS = (
					"$(inherited)",
					"@executable_path/Frameworks",
					"@loader_path/Frameworks",
				);
				MARKETING_VERSION = 1.0;
				PRODUCT_BUNDLE_IDENTIFIER = Serengeti.SerengetiTests;
				PRODUCT_NAME = "$(TARGET_NAME)";
				SWIFT_EMIT_LOC_STRINGS = NO;
				SWIFT_VERSION = 5.0;
				TARGETED_DEVICE_FAMILY = "1,2";
				TEST_HOST = "$(BUILT_PRODUCTS_DIR)/Serengeti.app/Serengeti";
			};
			name = Debug;
		};
		AC9DDDE1273E650B00828162 /* Release */ = {
			isa = XCBuildConfiguration;
			buildSettings = {
				ALWAYS_EMBED_SWIFT_STANDARD_LIBRARIES = YES;
				BUNDLE_LOADER = "$(TEST_HOST)";
				CODE_SIGN_STYLE = Automatic;
				CURRENT_PROJECT_VERSION = 1;
				GENERATE_INFOPLIST_FILE = YES;
				IPHONEOS_DEPLOYMENT_TARGET = 14.0;
				LD_RUNPATH_SEARCH_PATHS = (
					"$(inherited)",
					"@executable_path/Frameworks",
					"@loader_path/Frameworks",
				);
				MARKETING_VERSION = 1.0;
				PRODUCT_BUNDLE_IDENTIFIER = Serengeti.SerengetiTests;
				PRODUCT_NAME = "$(TARGET_NAME)";
				SWIFT_EMIT_LOC_STRINGS = NO;
				SWIFT_VERSION = 5.0;
				TARGETED_DEVICE_FAMILY = "1,2";
				TEST_HOST = "$(BUILT_PRODUCTS_DIR)/Serengeti.app/Serengeti";
			};
			name = Release;
		};
		AC9DDDE3273E650B00828162 /* Debug */ = {
			isa = XCBuildConfiguration;
			buildSettings = {
				ALWAYS_EMBED_SWIFT_STANDARD_LIBRARIES = YES;
				CODE_SIGN_STYLE = Automatic;
				CURRENT_PROJECT_VERSION = 1;
				GENERATE_INFOPLIST_FILE = YES;
				LD_RUNPATH_SEARCH_PATHS = (
					"$(inherited)",
					"@executable_path/Frameworks",
					"@loader_path/Frameworks",
				);
				MARKETING_VERSION = 1.0;
				PRODUCT_BUNDLE_IDENTIFIER = Serengeti.SerengetiUITests;
				PRODUCT_NAME = "$(TARGET_NAME)";
				SWIFT_EMIT_LOC_STRINGS = NO;
				SWIFT_VERSION = 5.0;
				TARGETED_DEVICE_FAMILY = "1,2";
				TEST_TARGET_NAME = Serengeti;
			};
			name = Debug;
		};
		AC9DDDE4273E650B00828162 /* Release */ = {
			isa = XCBuildConfiguration;
			buildSettings = {
				ALWAYS_EMBED_SWIFT_STANDARD_LIBRARIES = YES;
				CODE_SIGN_STYLE = Automatic;
				CURRENT_PROJECT_VERSION = 1;
				GENERATE_INFOPLIST_FILE = YES;
				LD_RUNPATH_SEARCH_PATHS = (
					"$(inherited)",
					"@executable_path/Frameworks",
					"@loader_path/Frameworks",
				);
				MARKETING_VERSION = 1.0;
				PRODUCT_BUNDLE_IDENTIFIER = Serengeti.SerengetiUITests;
				PRODUCT_NAME = "$(TARGET_NAME)";
				SWIFT_EMIT_LOC_STRINGS = NO;
				SWIFT_VERSION = 5.0;
				TARGETED_DEVICE_FAMILY = "1,2";
				TEST_TARGET_NAME = Serengeti;
			};
			name = Release;
		};
/* End XCBuildConfiguration section */

/* Begin XCConfigurationList section */
		AC9DDDAE273E650800828162 /* Build configuration list for PBXProject "Serengeti" */ = {
			isa = XCConfigurationList;
			buildConfigurations = (
				AC9DDDDA273E650B00828162 /* Debug */,
				AC9DDDDB273E650B00828162 /* Release */,
			);
			defaultConfigurationIsVisible = 0;
			defaultConfigurationName = Release;
		};
		AC9DDDDC273E650B00828162 /* Build configuration list for PBXNativeTarget "Serengeti" */ = {
			isa = XCConfigurationList;
			buildConfigurations = (
				AC9DDDDD273E650B00828162 /* Debug */,
				AC9DDDDE273E650B00828162 /* Release */,
			);
			defaultConfigurationIsVisible = 0;
			defaultConfigurationName = Release;
		};
		AC9DDDDF273E650B00828162 /* Build configuration list for PBXNativeTarget "SerengetiTests" */ = {
			isa = XCConfigurationList;
			buildConfigurations = (
				AC9DDDE0273E650B00828162 /* Debug */,
				AC9DDDE1273E650B00828162 /* Release */,
			);
			defaultConfigurationIsVisible = 0;
			defaultConfigurationName = Release;
		};
		AC9DDDE2273E650B00828162 /* Build configuration list for PBXNativeTarget "SerengetiUITests" */ = {
			isa = XCConfigurationList;
			buildConfigurations = (
				AC9DDDE3273E650B00828162 /* Debug */,
				AC9DDDE4273E650B00828162 /* Release */,
			);
			defaultConfigurationIsVisible = 0;
			defaultConfigurationName = Release;
		};
/* End XCConfigurationList section */

/* Begin XCVersionGroup section */
		AC9DDDC1273E650A00828162 /* Serengeti.xcdatamodeld */ = {
			isa = XCVersionGroup;
			children = (
				AC9DDDC2273E650A00828162 /* Serengeti.xcdatamodel */,
			);
			currentVersion = AC9DDDC2273E650A00828162 /* Serengeti.xcdatamodel */;
			path = Serengeti.xcdatamodeld;
			sourceTree = "<group>";
			versionGroupType = wrapper.xcdatamodel;
		};
/* End XCVersionGroup section */
	};
	rootObject = AC9DDDAB273E650800828162 /* Project object */;
}
